{
  "name": "mobx-demo",
  "version": "0.1.0",
  "lockfileVersion": 1,
  "requires": true,
  "dependencies": {
    "todomvc-app-css": {
      "version": "2.1.2",
      "resolved": "https://registry.npmjs.org/todomvc-app-css/-/todomvc-app-css-2.1.2.tgz",
      "integrity": "sha512-WgXLWY4snfC7yBkpzFb6xRmUbB06NGuji6njCByte0byW2DUpmyhh32o4sCQ8HX/pTwm71huKQlFiKYxR/2iVQ=="
    }
  }
}
